{
    "_readme": [
        "This file locks the dependencies of your project to a known state",
        "Read more about it at https://getcomposer.org/doc/01-basic-usage.md#installing-dependencies",
        "This file is @generated automatically"
    ],
    "content-hash": "ce5a5e92fe2874064c2882acef834808",
    "packages": [
        {
            "name": "psr/container",
            "version": "1.0.0",
            "source": {
                "type": "git",
                "url": "https://github.com/php-fig/container.git",
                "reference": "b7ce3b176482dbbc1245ebf52b181af44c2cf55f"
            },
            "dist": {
                "type": "zip",
                "url": "https://api.github.com/repos/php-fig/container/zipball/b7ce3b176482dbbc1245ebf52b181af44c2cf55f",
                "reference": "b7ce3b176482dbbc1245ebf52b181af44c2cf55f",
                "shasum": ""
            },
            "require": {
                "php": ">=5.3.0"
            },
            "type": "library",
            "extra": {
                "branch-alias": {
                    "dev-master": "1.0.x-dev"
                }
            },
            "autoload": {
                "psr-4": {
                    "Psr\\Container\\": "src/"
                }
            },
            "notification-url": "https://packagist.org/downloads/",
            "license": [
                "MIT"
            ],
            "authors": [
                {
                    "name": "PHP-FIG",
                    "homepage": "http://www.php-fig.org/"
                }
            ],
            "description": "Common Container Interface (PHP FIG PSR-11)",
            "homepage": "https://github.com/php-fig/container",
            "keywords": [
                "PSR-11",
                "container",
                "container-interface",
                "container-interop",
                "psr"
            ],
            "time": "2017-02-14T16:28:37+00:00"
        },
        {
            "name": "psr/log",
            "version": "1.1.0",
            "source": {
                "type": "git",
                "url": "https://github.com/php-fig/log.git",
                "reference": "6c001f1daafa3a3ac1d8ff69ee4db8e799a654dd"
            },
            "dist": {
                "type": "zip",
                "url": "https://api.github.com/repos/php-fig/log/zipball/6c001f1daafa3a3ac1d8ff69ee4db8e799a654dd",
                "reference": "6c001f1daafa3a3ac1d8ff69ee4db8e799a654dd",
                "shasum": ""
            },
            "require": {
                "php": ">=5.3.0"
            },
            "type": "library",
            "extra": {
                "branch-alias": {
                    "dev-master": "1.0.x-dev"
                }
            },
            "autoload": {
                "psr-4": {
                    "Psr\\Log\\": "Psr/Log/"
                }
            },
            "notification-url": "https://packagist.org/downloads/",
            "license": [
                "MIT"
            ],
            "authors": [
                {
                    "name": "PHP-FIG",
                    "homepage": "http://www.php-fig.org/"
                }
            ],
            "description": "Common interface for logging libraries",
            "homepage": "https://github.com/php-fig/log",
            "keywords": [
                "log",
                "psr",
                "psr-3"
            ],
            "time": "2018-11-20T15:27:04+00:00"
        },
        {
            "name": "symfony/config",
            "version": "v4.1.7",
            "source": {
                "type": "git",
                "url": "https://github.com/symfony/config.git",
                "reference": "991fec8bbe77367fc8b48ecbaa8a4bd6e905a238"
            },
            "dist": {
                "type": "zip",
                "url": "https://api.github.com/repos/symfony/config/zipball/991fec8bbe77367fc8b48ecbaa8a4bd6e905a238",
                "reference": "991fec8bbe77367fc8b48ecbaa8a4bd6e905a238",
                "shasum": ""
            },
            "require": {
                "php": "^7.1.3",
                "symfony/filesystem": "~3.4|~4.0",
                "symfony/polyfill-ctype": "~1.8"
            },
            "conflict": {
                "symfony/finder": "<3.4"
            },
            "require-dev": {
                "symfony/dependency-injection": "~3.4|~4.0",
                "symfony/event-dispatcher": "~3.4|~4.0",
                "symfony/finder": "~3.4|~4.0",
                "symfony/yaml": "~3.4|~4.0"
            },
            "suggest": {
                "symfony/yaml": "To use the yaml reference dumper"
            },
            "type": "library",
            "extra": {
                "branch-alias": {
                    "dev-master": "4.1-dev"
                }
            },
            "autoload": {
                "psr-4": {
                    "Symfony\\Component\\Config\\": ""
                },
                "exclude-from-classmap": [
                    "/Tests/"
                ]
            },
            "notification-url": "https://packagist.org/downloads/",
            "license": [
                "MIT"
            ],
            "authors": [
                {
                    "name": "Fabien Potencier",
                    "email": "fabien@symfony.com"
                },
                {
                    "name": "Symfony Community",
                    "homepage": "https://symfony.com/contributors"
                }
            ],
            "description": "Symfony Config Component",
            "homepage": "https://symfony.com",
            "time": "2018-10-31T09:09:42+00:00"
        },
        {
            "name": "symfony/debug",
            "version": "v4.1.7",
            "source": {
                "type": "git",
                "url": "https://github.com/symfony/debug.git",
                "reference": "19090917b848a799cbae4800abf740fe4eb71c1d"
            },
            "dist": {
                "type": "zip",
                "url": "https://api.github.com/repos/symfony/debug/zipball/19090917b848a799cbae4800abf740fe4eb71c1d",
                "reference": "19090917b848a799cbae4800abf740fe4eb71c1d",
                "shasum": ""
            },
            "require": {
                "php": "^7.1.3",
                "psr/log": "~1.0"
            },
            "conflict": {
                "symfony/http-kernel": "<3.4"
            },
            "require-dev": {
                "symfony/http-kernel": "~3.4|~4.0"
            },
            "type": "library",
            "extra": {
                "branch-alias": {
                    "dev-master": "4.1-dev"
                }
            },
            "autoload": {
                "psr-4": {
                    "Symfony\\Component\\Debug\\": ""
                },
                "exclude-from-classmap": [
                    "/Tests/"
                ]
            },
            "notification-url": "https://packagist.org/downloads/",
            "license": [
                "MIT"
            ],
            "authors": [
                {
                    "name": "Fabien Potencier",
                    "email": "fabien@symfony.com"
                },
                {
                    "name": "Symfony Community",
                    "homepage": "https://symfony.com/contributors"
                }
            ],
            "description": "Symfony Debug Component",
            "homepage": "https://symfony.com",
            "time": "2018-10-31T09:09:42+00:00"
        },
        {
            "name": "symfony/dependency-injection",
            "version": "v4.1.7",
            "source": {
                "type": "git",
                "url": "https://github.com/symfony/dependency-injection.git",
                "reference": "e72ee2c23d952e4c368ee98610fa22b79b89b483"
            },
            "dist": {
                "type": "zip",
                "url": "https://api.github.com/repos/symfony/dependency-injection/zipball/e72ee2c23d952e4c368ee98610fa22b79b89b483",
                "reference": "e72ee2c23d952e4c368ee98610fa22b79b89b483",
                "shasum": ""
            },
            "require": {
                "php": "^7.1.3",
                "psr/container": "^1.0"
            },
            "conflict": {
                "symfony/config": "<4.1.1",
                "symfony/finder": "<3.4",
                "symfony/proxy-manager-bridge": "<3.4",
                "symfony/yaml": "<3.4"
            },
            "provide": {
                "psr/container-implementation": "1.0"
            },
            "require-dev": {
                "symfony/config": "~4.1",
                "symfony/expression-language": "~3.4|~4.0",
                "symfony/yaml": "~3.4|~4.0"
            },
            "suggest": {
                "symfony/config": "",
                "symfony/expression-language": "For using expressions in service container configuration",
                "symfony/finder": "For using double-star glob patterns or when GLOB_BRACE portability is required",
                "symfony/proxy-manager-bridge": "Generate service proxies to lazy load them",
                "symfony/yaml": ""
            },
            "type": "library",
            "extra": {
                "branch-alias": {
                    "dev-master": "4.1-dev"
                }
            },
            "autoload": {
                "psr-4": {
                    "Symfony\\Component\\DependencyInjection\\": ""
                },
                "exclude-from-classmap": [
                    "/Tests/"
                ]
            },
            "notification-url": "https://packagist.org/downloads/",
            "license": [
                "MIT"
            ],
            "authors": [
                {
                    "name": "Fabien Potencier",
                    "email": "fabien@symfony.com"
                },
                {
                    "name": "Symfony Community",
                    "homepage": "https://symfony.com/contributors"
                }
            ],
            "description": "Symfony DependencyInjection Component",
            "homepage": "https://symfony.com",
            "time": "2018-10-31T10:54:16+00:00"
        },
        {
            "name": "symfony/event-dispatcher",
            "version": "v4.1.7",
            "source": {
                "type": "git",
                "url": "https://github.com/symfony/event-dispatcher.git",
                "reference": "552541dad078c85d9414b09c041ede488b456cd5"
            },
            "dist": {
                "type": "zip",
                "url": "https://api.github.com/repos/symfony/event-dispatcher/zipball/552541dad078c85d9414b09c041ede488b456cd5",
                "reference": "552541dad078c85d9414b09c041ede488b456cd5",
                "shasum": ""
            },
            "require": {
                "php": "^7.1.3"
            },
            "conflict": {
                "symfony/dependency-injection": "<3.4"
            },
            "require-dev": {
                "psr/log": "~1.0",
                "symfony/config": "~3.4|~4.0",
                "symfony/dependency-injection": "~3.4|~4.0",
                "symfony/expression-language": "~3.4|~4.0",
                "symfony/stopwatch": "~3.4|~4.0"
            },
            "suggest": {
                "symfony/dependency-injection": "",
                "symfony/http-kernel": ""
            },
            "type": "library",
            "extra": {
                "branch-alias": {
                    "dev-master": "4.1-dev"
                }
            },
            "autoload": {
                "psr-4": {
                    "Symfony\\Component\\EventDispatcher\\": ""
                },
                "exclude-from-classmap": [
                    "/Tests/"
                ]
            },
            "notification-url": "https://packagist.org/downloads/",
            "license": [
                "MIT"
            ],
            "authors": [
                {
                    "name": "Fabien Potencier",
                    "email": "fabien@symfony.com"
                },
                {
                    "name": "Symfony Community",
                    "homepage": "https://symfony.com/contributors"
                }
            ],
            "description": "Symfony EventDispatcher Component",
            "homepage": "https://symfony.com",
            "time": "2018-10-10T13:52:42+00:00"
        },
        {
            "name": "symfony/filesystem",
            "version": "v4.1.7",
            "source": {
                "type": "git",
                "url": "https://github.com/symfony/filesystem.git",
                "reference": "fd7bd6535beb1f0a0a9e3ee960666d0598546981"
            },
            "dist": {
                "type": "zip",
                "url": "https://api.github.com/repos/symfony/filesystem/zipball/fd7bd6535beb1f0a0a9e3ee960666d0598546981",
                "reference": "fd7bd6535beb1f0a0a9e3ee960666d0598546981",
                "shasum": ""
            },
            "require": {
                "php": "^7.1.3",
                "symfony/polyfill-ctype": "~1.8"
            },
            "type": "library",
            "extra": {
                "branch-alias": {
                    "dev-master": "4.1-dev"
                }
            },
            "autoload": {
                "psr-4": {
                    "Symfony\\Component\\Filesystem\\": ""
                },
                "exclude-from-classmap": [
                    "/Tests/"
                ]
            },
            "notification-url": "https://packagist.org/downloads/",
            "license": [
                "MIT"
            ],
            "authors": [
                {
                    "name": "Fabien Potencier",
                    "email": "fabien@symfony.com"
                },
                {
                    "name": "Symfony Community",
                    "homepage": "https://symfony.com/contributors"
                }
            ],
            "description": "Symfony Filesystem Component",
            "homepage": "https://symfony.com",
            "time": "2018-10-30T13:18:25+00:00"
        },
        {
            "name": "symfony/http-foundation",
            "version": "v4.1.7",
            "source": {
                "type": "git",
                "url": "https://github.com/symfony/http-foundation.git",
                "reference": "82d494c1492b0dd24bbc5c2d963fb02eb44491af"
            },
            "dist": {
                "type": "zip",
                "url": "https://api.github.com/repos/symfony/http-foundation/zipball/82d494c1492b0dd24bbc5c2d963fb02eb44491af",
                "reference": "82d494c1492b0dd24bbc5c2d963fb02eb44491af",
                "shasum": ""
            },
            "require": {
                "php": "^7.1.3",
                "symfony/polyfill-mbstring": "~1.1"
            },
            "require-dev": {
                "predis/predis": "~1.0",
                "symfony/expression-language": "~3.4|~4.0"
            },
            "type": "library",
            "extra": {
                "branch-alias": {
                    "dev-master": "4.1-dev"
                }
            },
            "autoload": {
                "psr-4": {
                    "Symfony\\Component\\HttpFoundation\\": ""
                },
                "exclude-from-classmap": [
                    "/Tests/"
                ]
            },
            "notification-url": "https://packagist.org/downloads/",
            "license": [
                "MIT"
            ],
            "authors": [
                {
                    "name": "Fabien Potencier",
                    "email": "fabien@symfony.com"
                },
                {
                    "name": "Symfony Community",
                    "homepage": "https://symfony.com/contributors"
                }
            ],
            "description": "Symfony HttpFoundation Component",
            "homepage": "https://symfony.com",
            "time": "2018-10-31T09:09:42+00:00"
        },
        {
            "name": "symfony/http-kernel",
            "version": "v4.1.7",
            "source": {
                "type": "git",
                "url": "https://github.com/symfony/http-kernel.git",
                "reference": "958be64ab13b65172ad646ef5ae20364c2305fae"
            },
            "dist": {
                "type": "zip",
                "url": "https://api.github.com/repos/symfony/http-kernel/zipball/958be64ab13b65172ad646ef5ae20364c2305fae",
                "reference": "958be64ab13b65172ad646ef5ae20364c2305fae",
                "shasum": ""
            },
            "require": {
                "php": "^7.1.3",
                "psr/log": "~1.0",
                "symfony/debug": "~3.4|~4.0",
                "symfony/event-dispatcher": "~4.1",
                "symfony/http-foundation": "^4.1.1",
                "symfony/polyfill-ctype": "~1.8"
            },
            "conflict": {
                "symfony/config": "<3.4",
                "symfony/dependency-injection": "<4.1",
                "symfony/var-dumper": "<4.1.1",
                "twig/twig": "<1.34|<2.4,>=2"
            },
            "provide": {
                "psr/log-implementation": "1.0"
            },
            "require-dev": {
                "psr/cache": "~1.0",
                "symfony/browser-kit": "~3.4|~4.0",
                "symfony/config": "~3.4|~4.0",
                "symfony/console": "~3.4|~4.0",
                "symfony/css-selector": "~3.4|~4.0",
                "symfony/dependency-injection": "^4.1",
                "symfony/dom-crawler": "~3.4|~4.0",
                "symfony/expression-language": "~3.4|~4.0",
                "symfony/finder": "~3.4|~4.0",
                "symfony/process": "~3.4|~4.0",
                "symfony/routing": "~3.4|~4.0",
                "symfony/stopwatch": "~3.4|~4.0",
                "symfony/templating": "~3.4|~4.0",
                "symfony/translation": "~3.4|~4.0",
                "symfony/var-dumper": "^4.1.1"
            },
            "suggest": {
                "symfony/browser-kit": "",
                "symfony/config": "",
                "symfony/console": "",
                "symfony/dependency-injection": "",
                "symfony/var-dumper": ""
            },
            "type": "library",
            "extra": {
                "branch-alias": {
                    "dev-master": "4.1-dev"
                }
            },
            "autoload": {
                "psr-4": {
                    "Symfony\\Component\\HttpKernel\\": ""
                },
                "exclude-from-classmap": [
                    "/Tests/"
                ]
            },
            "notification-url": "https://packagist.org/downloads/",
            "license": [
                "MIT"
            ],
            "authors": [
                {
                    "name": "Fabien Potencier",
                    "email": "fabien@symfony.com"
                },
                {
                    "name": "Symfony Community",
                    "homepage": "https://symfony.com/contributors"
                }
            ],
            "description": "Symfony HttpKernel Component",
            "homepage": "https://symfony.com",
            "time": "2018-11-03T11:11:23+00:00"
        },
        {
            "name": "symfony/polyfill-ctype",
            "version": "v1.10.0",
            "source": {
                "type": "git",
                "url": "https://github.com/symfony/polyfill-ctype.git",
                "reference": "e3d826245268269cd66f8326bd8bc066687b4a19"
            },
            "dist": {
                "type": "zip",
                "url": "https://api.github.com/repos/symfony/polyfill-ctype/zipball/e3d826245268269cd66f8326bd8bc066687b4a19",
                "reference": "e3d826245268269cd66f8326bd8bc066687b4a19",
                "shasum": ""
            },
            "require": {
                "php": ">=5.3.3"
            },
            "suggest": {
                "ext-ctype": "For best performance"
            },
            "type": "library",
            "extra": {
                "branch-alias": {
                    "dev-master": "1.9-dev"
                }
            },
            "autoload": {
                "psr-4": {
                    "Symfony\\Polyfill\\Ctype\\": ""
                },
                "files": [
                    "bootstrap.php"
                ]
            },
            "notification-url": "https://packagist.org/downloads/",
            "license": [
                "MIT"
            ],
            "authors": [
                {
                    "name": "Symfony Community",
                    "homepage": "https://symfony.com/contributors"
                },
                {
                    "name": "Gert de Pagter",
                    "email": "BackEndTea@gmail.com"
                }
            ],
            "description": "Symfony polyfill for ctype functions",
            "homepage": "https://symfony.com",
            "keywords": [
                "compatibility",
                "ctype",
                "polyfill",
                "portable"
            ],
            "time": "2018-08-06T14:22:27+00:00"
        },
        {
            "name": "symfony/polyfill-mbstring",
            "version": "v1.10.0",
            "source": {
                "type": "git",
                "url": "https://github.com/symfony/polyfill-mbstring.git",
                "reference": "c79c051f5b3a46be09205c73b80b346e4153e494"
            },
            "dist": {
                "type": "zip",
                "url": "https://api.github.com/repos/symfony/polyfill-mbstring/zipball/c79c051f5b3a46be09205c73b80b346e4153e494",
                "reference": "c79c051f5b3a46be09205c73b80b346e4153e494",
                "shasum": ""
            },
            "require": {
                "php": ">=5.3.3"
            },
            "suggest": {
                "ext-mbstring": "For best performance"
            },
            "type": "library",
            "extra": {
                "branch-alias": {
                    "dev-master": "1.9-dev"
                }
            },
            "autoload": {
                "psr-4": {
                    "Symfony\\Polyfill\\Mbstring\\": ""
                },
                "files": [
                    "bootstrap.php"
                ]
            },
            "notification-url": "https://packagist.org/downloads/",
            "license": [
                "MIT"
            ],
            "authors": [
                {
                    "name": "Nicolas Grekas",
                    "email": "p@tchwork.com"
                },
                {
                    "name": "Symfony Community",
                    "homepage": "https://symfony.com/contributors"
                }
            ],
            "description": "Symfony polyfill for the Mbstring extension",
            "homepage": "https://symfony.com",
            "keywords": [
                "compatibility",
                "mbstring",
                "polyfill",
                "portable",
                "shim"
            ],
            "time": "2018-09-21T13:07:52+00:00"
        },
        {
            "name": "tweedegolf/prometheus-client",
            "version": "v0.2.3",
            "source": {
                "type": "git",
                "url": "https://github.com/tweedegolf/prometheus-client.git",
                "reference": "8d1f3be5b9fcd393ac65ef5b28fa19a3f65e08b6"
            },
            "dist": {
                "type": "zip",
                "url": "https://api.github.com/repos/tweedegolf/prometheus-client/zipball/8d1f3be5b9fcd393ac65ef5b28fa19a3f65e08b6",
                "reference": "8d1f3be5b9fcd393ac65ef5b28fa19a3f65e08b6",
                "shasum": ""
            },
            "require": {
                "php": ">=5.6.0"
            },
            "type": "library",
            "autoload": {
                "psr-4": {
                    "TweedeGolf\\PrometheusClient\\": "src/"
                }
            },
            "notification-url": "https://packagist.org/downloads/",
            "license": [
                "MIT"
            ],
            "authors": [
                {
                    "name": "Ruben Nijveld",
                    "email": "ruben@tweedegolf.com"
                }
            ],
            "description": "A PHP Prometheus client library",
            "time": "2018-02-20T11:14:55+00:00"
        }
    ],
    "packages-dev": [],
    "aliases": [],
    "minimum-stability": "stable",
    "stability-flags": [],
    "prefer-stable": false,
    "prefer-lowest": false,
    "platform": {
        "php": ">=5.6.0"
    },
    "platform-dev": []
}
